// !$*UTF8*$!
{
	archiveVersion = 1;
	classes = {
	};
	objectVersion = 46;
	objects = {

/* Begin PBXAggregateTarget section */
		E20AB6541C47B62800068C74 /* mogenerator */ = {
			isa = PBXAggregateTarget;
			buildConfigurationList = E20AB6551C47B62800068C74 /* Build configuration list for PBXAggregateTarget "mogenerator" */;
			buildPhases = (
				E20AB6581C47B64100068C74 /* ShellScript */,
			);
			dependencies = (
			);
			name = mogenerator;
			productName = mogenerator;
		};
/* End PBXAggregateTarget section */

/* Begin PBXBuildFile section */
		8204116FBD8E3BB7308EE6CB /* libPods-iTunesMusic.a in Frameworks */ = {isa = PBXBuildFile; fileRef = BB327D99F8590BE5E4E8B3E1 /* libPods-iTunesMusic.a */; };
		E20AB5C81C45A5C000068C74 /* main.m in Sources */ = {isa = PBXBuildFile; fileRef = E20AB5C71C45A5C000068C74 /* main.m */; };
		E20AB5CB1C45A5C000068C74 /* IMAppDelegate.m in Sources */ = {isa = PBXBuildFile; fileRef = E20AB5CA1C45A5C000068C74 /* IMAppDelegate.m */; };
		E20AB5D11C45A5C000068C74 /* Main.storyboard in Resources */ = {isa = PBXBuildFile; fileRef = E20AB5CF1C45A5C000068C74 /* Main.storyboard */; };
		E20AB5D31C45A5C000068C74 /* Assets.xcassets in Resources */ = {isa = PBXBuildFile; fileRef = E20AB5D21C45A5C000068C74 /* Assets.xcassets */; };
		E20AB5D61C45A5C000068C74 /* LaunchScreen.storyboard in Resources */ = {isa = PBXBuildFile; fileRef = E20AB5D41C45A5C000068C74 /* LaunchScreen.storyboard */; };
		E20AB5F41C45B0DA00068C74 /* ITunesClient.m in Sources */ = {isa = PBXBuildFile; fileRef = E20AB5F31C45B0DA00068C74 /* ITunesClient.m */; };
		E20AB5FD1C45BCCE00068C74 /* NSError+CustomError.m in Sources */ = {isa = PBXBuildFile; fileRef = E20AB5FC1C45BCCE00068C74 /* NSError+CustomError.m */; };
		E20AB6011C45C4CC00068C74 /* ITunesArtistInfo.json in Resources */ = {isa = PBXBuildFile; fileRef = E20AB6001C45C4CC00068C74 /* ITunesArtistInfo.json */; };
		E20AB6041C45C50400068C74 /* StubFileUtil.m in Sources */ = {isa = PBXBuildFile; fileRef = E20AB6031C45C50400068C74 /* StubFileUtil.m */; };
		E20AB6061C45C52100068C74 /* ITunesClientTests.m in Sources */ = {isa = PBXBuildFile; fileRef = E20AB6051C45C52100068C74 /* ITunesClientTests.m */; };
		E20AB60A1C466D5300068C74 /* Artist.m in Sources */ = {isa = PBXBuildFile; fileRef = E20AB6091C466D5300068C74 /* Artist.m */; };
		E20AB60D1C466D6C00068C74 /* Album.m in Sources */ = {isa = PBXBuildFile; fileRef = E20AB60C1C466D6C00068C74 /* Album.m */; };
		E20AB6111C46707A00068C74 /* JSONParser.m in Sources */ = {isa = PBXBuildFile; fileRef = E20AB6101C46707A00068C74 /* JSONParser.m */; };
		E20AB6161C4681FA00068C74 /* NSDate+Formatter.m in Sources */ = {isa = PBXBuildFile; fileRef = E20AB6151C4681FA00068C74 /* NSDate+Formatter.m */; };
		E20AB6181C46854600068C74 /* JSONParserTests.m in Sources */ = {isa = PBXBuildFile; fileRef = E20AB6171C46854600068C74 /* JSONParserTests.m */; };
		E20AB61A1C468C1200068C74 /* NoResult.json in Resources */ = {isa = PBXBuildFile; fileRef = E20AB6191C468C1200068C74 /* NoResult.json */; };
		E20AB61C1C468EDF00068C74 /* ErrorMessage.json in Resources */ = {isa = PBXBuildFile; fileRef = E20AB61B1C468EDF00068C74 /* ErrorMessage.json */; };
		E20AB6281C46A40100068C74 /* IMAppDependencies.m in Sources */ = {isa = PBXBuildFile; fileRef = E20AB6271C46A40100068C74 /* IMAppDependencies.m */; };
		E20AB62E1C46A5FE00068C74 /* IMArtistListPresenter.m in Sources */ = {isa = PBXBuildFile; fileRef = E20AB62D1C46A5FE00068C74 /* IMArtistListPresenter.m */; };
		E20AB6311C46A65700068C74 /* IMArtistListViewController.m in Sources */ = {isa = PBXBuildFile; fileRef = E20AB6301C46A65700068C74 /* IMArtistListViewController.m */; };
		E20AB6341C46A66E00068C74 /* IMArtistListWireframe.m in Sources */ = {isa = PBXBuildFile; fileRef = E20AB6331C46A66E00068C74 /* IMArtistListWireframe.m */; };
		E20AB6371C46A74000068C74 /* IMRootWireframe.m in Sources */ = {isa = PBXBuildFile; fileRef = E20AB6361C46A74000068C74 /* IMRootWireframe.m */; };
		E20AB6421C46BF2400068C74 /* IMArtistListDisplayArtist.m in Sources */ = {isa = PBXBuildFile; fileRef = E20AB6411C46BF2400068C74 /* IMArtistListDisplayArtist.m */; };
		E20AB6481C47AE4900068C74 /* IMArtistListInteractor.m in Sources */ = {isa = PBXBuildFile; fileRef = E20AB6471C47AE4900068C74 /* IMArtistListInteractor.m */; };
		E20AB64B1C47AEE700068C74 /* IMArtistListDataManager.m in Sources */ = {isa = PBXBuildFile; fileRef = E20AB64A1C47AEE700068C74 /* IMArtistListDataManager.m */; };
		E20AB64F1C47B1A400068C74 /* IMCoreDataStore.m in Sources */ = {isa = PBXBuildFile; fileRef = E20AB64E1C47B1A400068C74 /* IMCoreDataStore.m */; };
		E25CF26C1C486625000DCC4F /* IMAlbumListWireframe.m in Sources */ = {isa = PBXBuildFile; fileRef = E25CF26B1C486625000DCC4F /* IMAlbumListWireframe.m */; };
		E25CF2701C48674E000DCC4F /* IMAlbumListViewController.m in Sources */ = {isa = PBXBuildFile; fileRef = E25CF26F1C48674E000DCC4F /* IMAlbumListViewController.m */; };
		E25CF2741C486864000DCC4F /* IMAlbumListPresenter.m in Sources */ = {isa = PBXBuildFile; fileRef = E25CF2731C486864000DCC4F /* IMAlbumListPresenter.m */; };
		E25CF2781C4881BE000DCC4F /* IMAlbumListInteractor.m in Sources */ = {isa = PBXBuildFile; fileRef = E25CF2771C4881BE000DCC4F /* IMAlbumListInteractor.m */; };
		E25CF27B1C488269000DCC4F /* IMAlbumListDataManager.m in Sources */ = {isa = PBXBuildFile; fileRef = E25CF27A1C488269000DCC4F /* IMAlbumListDataManager.m */; };
		E25CF27E1C48890F000DCC4F /* IMAlbumListAlbum.m in Sources */ = {isa = PBXBuildFile; fileRef = E25CF27D1C48890F000DCC4F /* IMAlbumListAlbum.m */; };
		E28378B61C48441E007E5C8B /* IMArtistViewCell.m in Sources */ = {isa = PBXBuildFile; fileRef = E28378B51C48441E007E5C8B /* IMArtistViewCell.m */; };
		E2B5D9AE1C47BA2000CBD1C9 /* iTunesMusic.xcdatamodeld in Sources */ = {isa = PBXBuildFile; fileRef = E2B5D9AC1C47BA2000CBD1C9 /* iTunesMusic.xcdatamodeld */; };
		E2B5D9C21C47D0F900CBD1C9 /* ManagedArtist.m in Sources */ = {isa = PBXBuildFile; fileRef = E2B5D9BB1C47D0F900CBD1C9 /* ManagedArtist.m */; };
		E2B5D9C31C47D0F900CBD1C9 /* _ManagedArtist.m in Sources */ = {isa = PBXBuildFile; fileRef = E2B5D9BD1C47D0F900CBD1C9 /* _ManagedArtist.m */; };
		E2B5D9C41C47D0F900CBD1C9 /* ManagedAlbum.m in Sources */ = {isa = PBXBuildFile; fileRef = E2B5D9BE1C47D0F900CBD1C9 /* ManagedAlbum.m */; };
		E2B5D9C61C47D10C00CBD1C9 /* _ManagedAlbum.m in Sources */ = {isa = PBXBuildFile; fileRef = E2B5D9C51C47D10C00CBD1C9 /* _ManagedAlbum.m */; };
		E2B5D9C91C47D91F00CBD1C9 /* IMArtistListArtist.m in Sources */ = {isa = PBXBuildFile; fileRef = E2B5D9C81C47D91F00CBD1C9 /* IMArtistListArtist.m */; };
		E2B5D9CC1C47DB6400CBD1C9 /* NSArray+HOM.m in Sources */ = {isa = PBXBuildFile; fileRef = E2B5D9CB1C47DB6400CBD1C9 /* NSArray+HOM.m */; };
		E2B5D9CF1C47DF5A00CBD1C9 /* IMConfigurationManager.m in Sources */ = {isa = PBXBuildFile; fileRef = E2B5D9CE1C47DF5A00CBD1C9 /* IMConfigurationManager.m */; };
		E2B5D9D51C47E23400CBD1C9 /* ArtistList.plist in Resources */ = {isa = PBXBuildFile; fileRef = E2B5D9D41C47E23400CBD1C9 /* ArtistList.plist */; };
		E2B5D9D91C47FDFD00CBD1C9 /* IMCacheManager.m in Sources */ = {isa = PBXBuildFile; fileRef = E2B5D9D81C47FDFD00CBD1C9 /* IMCacheManager.m */; };
		FF3D6002594390B086B273CC /* libPods-iTunesMusicTests.a in Frameworks */ = {isa = PBXBuildFile; fileRef = 7EA6A9DF7CAB042AEE420827 /* libPods-iTunesMusicTests.a */; };
/* End PBXBuildFile section */

/* Begin PBXContainerItemProxy section */
		E20AB5DD1C45A5C100068C74 /* PBXContainerItemProxy */ = {
			isa = PBXContainerItemProxy;
			containerPortal = E20AB5BB1C45A5C000068C74 /* Project object */;
			proxyType = 1;
			remoteGlobalIDString = E20AB5C21C45A5C000068C74;
			remoteInfo = iTunesMusic;
		};
/* End PBXContainerItemProxy section */

/* Begin PBXFileReference section */
		037107E6D7C9F95FCDE1D2DD /* Pods-iTunesMusic.release.xcconfig */ = {isa = PBXFileReference; includeInIndex = 1; lastKnownFileType = text.xcconfig; name = "Pods-iTunesMusic.release.xcconfig"; path = "Pods/Target Support Files/Pods-iTunesMusic/Pods-iTunesMusic.release.xcconfig"; sourceTree = "<group>"; };
		7EA6A9DF7CAB042AEE420827 /* libPods-iTunesMusicTests.a */ = {isa = PBXFileReference; explicitFileType = archive.ar; includeInIndex = 0; path = "libPods-iTunesMusicTests.a"; sourceTree = BUILT_PRODUCTS_DIR; };
		BB327D99F8590BE5E4E8B3E1 /* libPods-iTunesMusic.a */ = {isa = PBXFileReference; explicitFileType = archive.ar; includeInIndex = 0; path = "libPods-iTunesMusic.a"; sourceTree = BUILT_PRODUCTS_DIR; };
		D67A4A1C9260F7FB2BF1236A /* Pods-iTunesMusic.debug.xcconfig */ = {isa = PBXFileReference; includeInIndex = 1; lastKnownFileType = text.xcconfig; name = "Pods-iTunesMusic.debug.xcconfig"; path = "Pods/Target Support Files/Pods-iTunesMusic/Pods-iTunesMusic.debug.xcconfig"; sourceTree = "<group>"; };
		E20AB5C31C45A5C000068C74 /* iTunesMusic.app */ = {isa = PBXFileReference; explicitFileType = wrapper.application; includeInIndex = 0; path = iTunesMusic.app; sourceTree = BUILT_PRODUCTS_DIR; };
		E20AB5C71C45A5C000068C74 /* main.m */ = {isa = PBXFileReference; lastKnownFileType = sourcecode.c.objc; path = main.m; sourceTree = "<group>"; };
		E20AB5C91C45A5C000068C74 /* IMAppDelegate.h */ = {isa = PBXFileReference; lastKnownFileType = sourcecode.c.h; path = IMAppDelegate.h; sourceTree = "<group>"; };
		E20AB5CA1C45A5C000068C74 /* IMAppDelegate.m */ = {isa = PBXFileReference; lastKnownFileType = sourcecode.c.objc; path = IMAppDelegate.m; sourceTree = "<group>"; };
		E20AB5D01C45A5C000068C74 /* Base */ = {isa = PBXFileReference; lastKnownFileType = file.storyboard; name = Base; path = Base.lproj/Main.storyboard; sourceTree = "<group>"; };
		E20AB5D21C45A5C000068C74 /* Assets.xcassets */ = {isa = PBXFileReference; lastKnownFileType = folder.assetcatalog; path = Assets.xcassets; sourceTree = "<group>"; };
		E20AB5D51C45A5C000068C74 /* Base */ = {isa = PBXFileReference; lastKnownFileType = file.storyboard; name = Base; path = Base.lproj/LaunchScreen.storyboard; sourceTree = "<group>"; };
		E20AB5D71C45A5C000068C74 /* Info.plist */ = {isa = PBXFileReference; lastKnownFileType = text.plist.xml; path = Info.plist; sourceTree = "<group>"; };
		E20AB5DC1C45A5C100068C74 /* iTunesMusicTests.xctest */ = {isa = PBXFileReference; explicitFileType = wrapper.cfbundle; includeInIndex = 0; path = iTunesMusicTests.xctest; sourceTree = BUILT_PRODUCTS_DIR; };
		E20AB5E21C45A5C100068C74 /* Info.plist */ = {isa = PBXFileReference; lastKnownFileType = text.plist.xml; path = Info.plist; sourceTree = "<group>"; };
		E20AB5F11C45AF5500068C74 /* APIITunesProtocol.h */ = {isa = PBXFileReference; fileEncoding = 4; lastKnownFileType = sourcecode.c.h; path = APIITunesProtocol.h; sourceTree = "<group>"; };
		E20AB5F21C45B0DA00068C74 /* ITunesClient.h */ = {isa = PBXFileReference; fileEncoding = 4; lastKnownFileType = sourcecode.c.h; path = ITunesClient.h; sourceTree = "<group>"; };
		E20AB5F31C45B0DA00068C74 /* ITunesClient.m */ = {isa = PBXFileReference; fileEncoding = 4; lastKnownFileType = sourcecode.c.objc; path = ITunesClient.m; sourceTree = "<group>"; };
		E20AB5F51C45B2AA00068C74 /* ITunesClientConstants.h */ = {isa = PBXFileReference; lastKnownFileType = sourcecode.c.h; path = ITunesClientConstants.h; sourceTree = "<group>"; };
		E20AB5F91C45BC4300068C74 /* ITunesClientErrors.h */ = {isa = PBXFileReference; lastKnownFileType = sourcecode.c.h; path = ITunesClientErrors.h; sourceTree = "<group>"; };
		E20AB5FB1C45BCCE00068C74 /* NSError+CustomError.h */ = {isa = PBXFileReference; fileEncoding = 4; lastKnownFileType = sourcecode.c.h; path = "NSError+CustomError.h"; sourceTree = "<group>"; };
		E20AB5FC1C45BCCE00068C74 /* NSError+CustomError.m */ = {isa = PBXFileReference; fileEncoding = 4; lastKnownFileType = sourcecode.c.objc; path = "NSError+CustomError.m"; sourceTree = "<group>"; };
		E20AB6001C45C4CC00068C74 /* ITunesArtistInfo.json */ = {isa = PBXFileReference; fileEncoding = 4; lastKnownFileType = text.json; path = ITunesArtistInfo.json; sourceTree = "<group>"; };
		E20AB6021C45C50400068C74 /* StubFileUtil.h */ = {isa = PBXFileReference; fileEncoding = 4; lastKnownFileType = sourcecode.c.h; path = StubFileUtil.h; sourceTree = "<group>"; };
		E20AB6031C45C50400068C74 /* StubFileUtil.m */ = {isa = PBXFileReference; fileEncoding = 4; lastKnownFileType = sourcecode.c.objc; path = StubFileUtil.m; sourceTree = "<group>"; };
		E20AB6051C45C52100068C74 /* ITunesClientTests.m */ = {isa = PBXFileReference; fileEncoding = 4; lastKnownFileType = sourcecode.c.objc; path = ITunesClientTests.m; sourceTree = "<group>"; };
		E20AB6081C466D5300068C74 /* Artist.h */ = {isa = PBXFileReference; fileEncoding = 4; lastKnownFileType = sourcecode.c.h; path = Artist.h; sourceTree = "<group>"; };
		E20AB6091C466D5300068C74 /* Artist.m */ = {isa = PBXFileReference; fileEncoding = 4; lastKnownFileType = sourcecode.c.objc; path = Artist.m; sourceTree = "<group>"; };
		E20AB60B1C466D6C00068C74 /* Album.h */ = {isa = PBXFileReference; fileEncoding = 4; lastKnownFileType = sourcecode.c.h; path = Album.h; sourceTree = "<group>"; };
		E20AB60C1C466D6C00068C74 /* Album.m */ = {isa = PBXFileReference; fileEncoding = 4; lastKnownFileType = sourcecode.c.objc; path = Album.m; sourceTree = "<group>"; };
		E20AB60F1C46707A00068C74 /* JSONParser.h */ = {isa = PBXFileReference; fileEncoding = 4; lastKnownFileType = sourcecode.c.h; path = JSONParser.h; sourceTree = "<group>"; };
		E20AB6101C46707A00068C74 /* JSONParser.m */ = {isa = PBXFileReference; fileEncoding = 4; lastKnownFileType = sourcecode.c.objc; path = JSONParser.m; sourceTree = "<group>"; };
		E20AB6121C4671B600068C74 /* JSONParserErrors.h */ = {isa = PBXFileReference; lastKnownFileType = sourcecode.c.h; path = JSONParserErrors.h; sourceTree = "<group>"; };
		E20AB6131C46775800068C74 /* JSONParserIndetifiers.h */ = {isa = PBXFileReference; lastKnownFileType = sourcecode.c.h; path = JSONParserIndetifiers.h; sourceTree = "<group>"; };
		E20AB6141C4681FA00068C74 /* NSDate+Formatter.h */ = {isa = PBXFileReference; fileEncoding = 4; lastKnownFileType = sourcecode.c.h; path = "NSDate+Formatter.h"; sourceTree = "<group>"; };
		E20AB6151C4681FA00068C74 /* NSDate+Formatter.m */ = {isa = PBXFileReference; fileEncoding = 4; lastKnownFileType = sourcecode.c.objc; path = "NSDate+Formatter.m"; sourceTree = "<group>"; };
		E20AB6171C46854600068C74 /* JSONParserTests.m */ = {isa = PBXFileReference; fileEncoding = 4; lastKnownFileType = sourcecode.c.objc; path = JSONParserTests.m; sourceTree = "<group>"; };
		E20AB6191C468C1200068C74 /* NoResult.json */ = {isa = PBXFileReference; fileEncoding = 4; lastKnownFileType = text.json; path = NoResult.json; sourceTree = "<group>"; };
		E20AB61B1C468EDF00068C74 /* ErrorMessage.json */ = {isa = PBXFileReference; fileEncoding = 4; lastKnownFileType = text.json; path = ErrorMessage.json; sourceTree = "<group>"; };
		E20AB6261C46A40100068C74 /* IMAppDependencies.h */ = {isa = PBXFileReference; fileEncoding = 4; lastKnownFileType = sourcecode.c.h; path = IMAppDependencies.h; sourceTree = "<group>"; };
		E20AB6271C46A40100068C74 /* IMAppDependencies.m */ = {isa = PBXFileReference; fileEncoding = 4; lastKnownFileType = sourcecode.c.objc; path = IMAppDependencies.m; sourceTree = "<group>"; };
		E20AB62C1C46A5FE00068C74 /* IMArtistListPresenter.h */ = {isa = PBXFileReference; fileEncoding = 4; lastKnownFileType = sourcecode.c.h; path = IMArtistListPresenter.h; sourceTree = "<group>"; };
		E20AB62D1C46A5FE00068C74 /* IMArtistListPresenter.m */ = {isa = PBXFileReference; fileEncoding = 4; lastKnownFileType = sourcecode.c.objc; path = IMArtistListPresenter.m; sourceTree = "<group>"; };
		E20AB62F1C46A65700068C74 /* IMArtistListViewController.h */ = {isa = PBXFileReference; fileEncoding = 4; lastKnownFileType = sourcecode.c.h; path = IMArtistListViewController.h; sourceTree = "<group>"; };
		E20AB6301C46A65700068C74 /* IMArtistListViewController.m */ = {isa = PBXFileReference; fileEncoding = 4; lastKnownFileType = sourcecode.c.objc; path = IMArtistListViewController.m; sourceTree = "<group>"; };
		E20AB6321C46A66E00068C74 /* IMArtistListWireframe.h */ = {isa = PBXFileReference; fileEncoding = 4; lastKnownFileType = sourcecode.c.h; path = IMArtistListWireframe.h; sourceTree = "<group>"; };
		E20AB6331C46A66E00068C74 /* IMArtistListWireframe.m */ = {isa = PBXFileReference; fileEncoding = 4; lastKnownFileType = sourcecode.c.objc; path = IMArtistListWireframe.m; sourceTree = "<group>"; };
		E20AB6351C46A74000068C74 /* IMRootWireframe.h */ = {isa = PBXFileReference; fileEncoding = 4; lastKnownFileType = sourcecode.c.h; path = IMRootWireframe.h; sourceTree = "<group>"; };
		E20AB6361C46A74000068C74 /* IMRootWireframe.m */ = {isa = PBXFileReference; fileEncoding = 4; lastKnownFileType = sourcecode.c.objc; path = IMRootWireframe.m; sourceTree = "<group>"; };
		E20AB6381C46B2E500068C74 /* IMArtistListModuleInterface.h */ = {isa = PBXFileReference; fileEncoding = 4; lastKnownFileType = sourcecode.c.h; path = IMArtistListModuleInterface.h; sourceTree = "<group>"; };
		E20AB6391C46B87800068C74 /* IMArtistListViewInterface.h */ = {isa = PBXFileReference; fileEncoding = 4; lastKnownFileType = sourcecode.c.h; path = IMArtistListViewInterface.h; sourceTree = "<group>"; };
		E20AB6401C46BF2400068C74 /* IMArtistListDisplayArtist.h */ = {isa = PBXFileReference; fileEncoding = 4; lastKnownFileType = sourcecode.c.h; path = IMArtistListDisplayArtist.h; sourceTree = "<group>"; };
		E20AB6411C46BF2400068C74 /* IMArtistListDisplayArtist.m */ = {isa = PBXFileReference; fileEncoding = 4; lastKnownFileType = sourcecode.c.objc; path = IMArtistListDisplayArtist.m; sourceTree = "<group>"; };
		E20AB6451C47ADF600068C74 /* IMArtistListInteractorIO.h */ = {isa = PBXFileReference; fileEncoding = 4; lastKnownFileType = sourcecode.c.h; path = IMArtistListInteractorIO.h; sourceTree = "<group>"; };
		E20AB6461C47AE4900068C74 /* IMArtistListInteractor.h */ = {isa = PBXFileReference; fileEncoding = 4; lastKnownFileType = sourcecode.c.h; path = IMArtistListInteractor.h; sourceTree = "<group>"; };
		E20AB6471C47AE4900068C74 /* IMArtistListInteractor.m */ = {isa = PBXFileReference; fileEncoding = 4; lastKnownFileType = sourcecode.c.objc; path = IMArtistListInteractor.m; sourceTree = "<group>"; };
		E20AB6491C47AEE700068C74 /* IMArtistListDataManager.h */ = {isa = PBXFileReference; fileEncoding = 4; lastKnownFileType = sourcecode.c.h; path = IMArtistListDataManager.h; sourceTree = "<group>"; };
		E20AB64A1C47AEE700068C74 /* IMArtistListDataManager.m */ = {isa = PBXFileReference; fileEncoding = 4; lastKnownFileType = sourcecode.c.objc; path = IMArtistListDataManager.m; sourceTree = "<group>"; };
		E20AB64D1C47B1A400068C74 /* IMCoreDataStore.h */ = {isa = PBXFileReference; fileEncoding = 4; lastKnownFileType = sourcecode.c.h; path = IMCoreDataStore.h; sourceTree = "<group>"; };
		E20AB64E1C47B1A400068C74 /* IMCoreDataStore.m */ = {isa = PBXFileReference; fileEncoding = 4; lastKnownFileType = sourcecode.c.objc; path = IMCoreDataStore.m; sourceTree = "<group>"; };
		E25CF26A1C486625000DCC4F /* IMAlbumListWireframe.h */ = {isa = PBXFileReference; fileEncoding = 4; lastKnownFileType = sourcecode.c.h; path = IMAlbumListWireframe.h; sourceTree = "<group>"; };
		E25CF26B1C486625000DCC4F /* IMAlbumListWireframe.m */ = {isa = PBXFileReference; fileEncoding = 4; lastKnownFileType = sourcecode.c.objc; path = IMAlbumListWireframe.m; sourceTree = "<group>"; };
		E25CF26D1C48670E000DCC4F /* IMAlbumListViewInterface.h */ = {isa = PBXFileReference; fileEncoding = 4; lastKnownFileType = sourcecode.c.h; path = IMAlbumListViewInterface.h; sourceTree = "<group>"; };
		E25CF26E1C48674E000DCC4F /* IMAlbumListViewController.h */ = {isa = PBXFileReference; fileEncoding = 4; lastKnownFileType = sourcecode.c.h; path = IMAlbumListViewController.h; sourceTree = "<group>"; };
		E25CF26F1C48674E000DCC4F /* IMAlbumListViewController.m */ = {isa = PBXFileReference; fileEncoding = 4; lastKnownFileType = sourcecode.c.objc; path = IMAlbumListViewController.m; sourceTree = "<group>"; };
		E25CF2711C4867BE000DCC4F /* IMAlbumListModuleInterface.h */ = {isa = PBXFileReference; fileEncoding = 4; lastKnownFileType = sourcecode.c.h; path = IMAlbumListModuleInterface.h; sourceTree = "<group>"; };
		E25CF2721C486864000DCC4F /* IMAlbumListPresenter.h */ = {isa = PBXFileReference; fileEncoding = 4; lastKnownFileType = sourcecode.c.h; path = IMAlbumListPresenter.h; sourceTree = "<group>"; };
		E25CF2731C486864000DCC4F /* IMAlbumListPresenter.m */ = {isa = PBXFileReference; fileEncoding = 4; lastKnownFileType = sourcecode.c.objc; path = IMAlbumListPresenter.m; sourceTree = "<group>"; };
		E25CF2751C488152000DCC4F /* IMAlbumListInteractorIO.h */ = {isa = PBXFileReference; fileEncoding = 4; lastKnownFileType = sourcecode.c.h; path = IMAlbumListInteractorIO.h; sourceTree = "<group>"; };
		E25CF2761C4881BE000DCC4F /* IMAlbumListInteractor.h */ = {isa = PBXFileReference; fileEncoding = 4; lastKnownFileType = sourcecode.c.h; path = IMAlbumListInteractor.h; sourceTree = "<group>"; };
		E25CF2771C4881BE000DCC4F /* IMAlbumListInteractor.m */ = {isa = PBXFileReference; fileEncoding = 4; lastKnownFileType = sourcecode.c.objc; path = IMAlbumListInteractor.m; sourceTree = "<group>"; };
		E25CF2791C488269000DCC4F /* IMAlbumListDataManager.h */ = {isa = PBXFileReference; fileEncoding = 4; lastKnownFileType = sourcecode.c.h; path = IMAlbumListDataManager.h; sourceTree = "<group>"; };
		E25CF27A1C488269000DCC4F /* IMAlbumListDataManager.m */ = {isa = PBXFileReference; fileEncoding = 4; lastKnownFileType = sourcecode.c.objc; path = IMAlbumListDataManager.m; sourceTree = "<group>"; };
		E25CF27C1C48890F000DCC4F /* IMAlbumListAlbum.h */ = {isa = PBXFileReference; fileEncoding = 4; lastKnownFileType = sourcecode.c.h; path = IMAlbumListAlbum.h; sourceTree = "<group>"; };
		E25CF27D1C48890F000DCC4F /* IMAlbumListAlbum.m */ = {isa = PBXFileReference; fileEncoding = 4; lastKnownFileType = sourcecode.c.objc; path = IMAlbumListAlbum.m; sourceTree = "<group>"; };
		E28378B41C48441E007E5C8B /* IMArtistViewCell.h */ = {isa = PBXFileReference; fileEncoding = 4; lastKnownFileType = sourcecode.c.h; path = IMArtistViewCell.h; sourceTree = "<group>"; };
		E28378B51C48441E007E5C8B /* IMArtistViewCell.m */ = {isa = PBXFileReference; fileEncoding = 4; lastKnownFileType = sourcecode.c.objc; path = IMArtistViewCell.m; sourceTree = "<group>"; };
		E2B5D9AD1C47BA2000CBD1C9 /* iTunesMusic.xcdatamodel */ = {isa = PBXFileReference; lastKnownFileType = wrapper.xcdatamodel; path = iTunesMusic.xcdatamodel; sourceTree = "<group>"; };
		E2B5D9BB1C47D0F900CBD1C9 /* ManagedArtist.m */ = {isa = PBXFileReference; fileEncoding = 4; lastKnownFileType = sourcecode.c.objc; path = ManagedArtist.m; sourceTree = "<group>"; };
		E2B5D9BC1C47D0F900CBD1C9 /* _ManagedArtist.h */ = {isa = PBXFileReference; fileEncoding = 4; lastKnownFileType = sourcecode.c.h; path = _ManagedArtist.h; sourceTree = "<group>"; };
		E2B5D9BD1C47D0F900CBD1C9 /* _ManagedArtist.m */ = {isa = PBXFileReference; fileEncoding = 4; lastKnownFileType = sourcecode.c.objc; path = _ManagedArtist.m; sourceTree = "<group>"; };
		E2B5D9BE1C47D0F900CBD1C9 /* ManagedAlbum.m */ = {isa = PBXFileReference; fileEncoding = 4; lastKnownFileType = sourcecode.c.objc; path = ManagedAlbum.m; sourceTree = "<group>"; };
		E2B5D9BF1C47D0F900CBD1C9 /* ManagedAlbum.h */ = {isa = PBXFileReference; fileEncoding = 4; lastKnownFileType = sourcecode.c.h; path = ManagedAlbum.h; sourceTree = "<group>"; };
		E2B5D9C01C47D0F900CBD1C9 /* _ManagedAlbum.h */ = {isa = PBXFileReference; fileEncoding = 4; lastKnownFileType = sourcecode.c.h; path = _ManagedAlbum.h; sourceTree = "<group>"; };
		E2B5D9C11C47D0F900CBD1C9 /* ManagedArtist.h */ = {isa = PBXFileReference; fileEncoding = 4; lastKnownFileType = sourcecode.c.h; path = ManagedArtist.h; sourceTree = "<group>"; };
		E2B5D9C51C47D10C00CBD1C9 /* _ManagedAlbum.m */ = {isa = PBXFileReference; fileEncoding = 4; lastKnownFileType = sourcecode.c.objc; path = _ManagedAlbum.m; sourceTree = "<group>"; };
		E2B5D9C71C47D91F00CBD1C9 /* IMArtistListArtist.h */ = {isa = PBXFileReference; fileEncoding = 4; lastKnownFileType = sourcecode.c.h; path = IMArtistListArtist.h; sourceTree = "<group>"; };
		E2B5D9C81C47D91F00CBD1C9 /* IMArtistListArtist.m */ = {isa = PBXFileReference; fileEncoding = 4; lastKnownFileType = sourcecode.c.objc; path = IMArtistListArtist.m; sourceTree = "<group>"; };
		E2B5D9CA1C47DB6400CBD1C9 /* NSArray+HOM.h */ = {isa = PBXFileReference; fileEncoding = 4; lastKnownFileType = sourcecode.c.h; path = "NSArray+HOM.h"; sourceTree = "<group>"; };
		E2B5D9CB1C47DB6400CBD1C9 /* NSArray+HOM.m */ = {isa = PBXFileReference; fileEncoding = 4; lastKnownFileType = sourcecode.c.objc; path = "NSArray+HOM.m"; sourceTree = "<group>"; };
		E2B5D9CD1C47DF5A00CBD1C9 /* IMConfigurationManager.h */ = {isa = PBXFileReference; fileEncoding = 4; lastKnownFileType = sourcecode.c.h; path = IMConfigurationManager.h; sourceTree = "<group>"; };
		E2B5D9CE1C47DF5A00CBD1C9 /* IMConfigurationManager.m */ = {isa = PBXFileReference; fileEncoding = 4; lastKnownFileType = sourcecode.c.objc; path = IMConfigurationManager.m; sourceTree = "<group>"; };
		E2B5D9D41C47E23400CBD1C9 /* ArtistList.plist */ = {isa = PBXFileReference; fileEncoding = 4; lastKnownFileType = text.plist.xml; path = ArtistList.plist; sourceTree = "<group>"; };
		E2B5D9D71C47FDFD00CBD1C9 /* IMCacheManager.h */ = {isa = PBXFileReference; fileEncoding = 4; lastKnownFileType = sourcecode.c.h; path = IMCacheManager.h; sourceTree = "<group>"; };
		E2B5D9D81C47FDFD00CBD1C9 /* IMCacheManager.m */ = {isa = PBXFileReference; fileEncoding = 4; lastKnownFileType = sourcecode.c.objc; path = IMCacheManager.m; sourceTree = "<group>"; };
		E2B5D9DA1C4818D000CBD1C9 /* IMCoreDataStoreErrors.h */ = {isa = PBXFileReference; lastKnownFileType = sourcecode.c.h; path = IMCoreDataStoreErrors.h; sourceTree = "<group>"; };
		E8C9467455DEB2F1C249FDFF /* Pods-iTunesMusicTests.debug.xcconfig */ = {isa = PBXFileReference; includeInIndex = 1; lastKnownFileType = text.xcconfig; name = "Pods-iTunesMusicTests.debug.xcconfig"; path = "Pods/Target Support Files/Pods-iTunesMusicTests/Pods-iTunesMusicTests.debug.xcconfig"; sourceTree = "<group>"; };
		EDDB6B3279C086096AF8978A /* Pods-iTunesMusicTests.release.xcconfig */ = {isa = PBXFileReference; includeInIndex = 1; lastKnownFileType = text.xcconfig; name = "Pods-iTunesMusicTests.release.xcconfig"; path = "Pods/Target Support Files/Pods-iTunesMusicTests/Pods-iTunesMusicTests.release.xcconfig"; sourceTree = "<group>"; };
/* End PBXFileReference section */

/* Begin PBXFrameworksBuildPhase section */
		E20AB5C01C45A5C000068C74 /* Frameworks */ = {
			isa = PBXFrameworksBuildPhase;
			buildActionMask = 2147483647;
			files = (
				8204116FBD8E3BB7308EE6CB /* libPods-iTunesMusic.a in Frameworks */,
			);
			runOnlyForDeploymentPostprocessing = 0;
		};
		E20AB5D91C45A5C100068C74 /* Frameworks */ = {
			isa = PBXFrameworksBuildPhase;
			buildActionMask = 2147483647;
			files = (
				FF3D6002594390B086B273CC /* libPods-iTunesMusicTests.a in Frameworks */,
			);
			runOnlyForDeploymentPostprocessing = 0;
		};
/* End PBXFrameworksBuildPhase section */

/* Begin PBXGroup section */
		41A48D2ADF824A9FC1E2426F /* Frameworks */ = {
			isa = PBXGroup;
			children = (
				BB327D99F8590BE5E4E8B3E1 /* libPods-iTunesMusic.a */,
				7EA6A9DF7CAB042AEE420827 /* libPods-iTunesMusicTests.a */,
			);
			name = Frameworks;
			sourceTree = "<group>";
		};
		48A519F21B54FB3F489B6671 /* Pods */ = {
			isa = PBXGroup;
			children = (
				D67A4A1C9260F7FB2BF1236A /* Pods-iTunesMusic.debug.xcconfig */,
				037107E6D7C9F95FCDE1D2DD /* Pods-iTunesMusic.release.xcconfig */,
				E8C9467455DEB2F1C249FDFF /* Pods-iTunesMusicTests.debug.xcconfig */,
				EDDB6B3279C086096AF8978A /* Pods-iTunesMusicTests.release.xcconfig */,
			);
			name = Pods;
			sourceTree = "<group>";
		};
		E20AB5BA1C45A5C000068C74 = {
			isa = PBXGroup;
			children = (
				E20AB5C51C45A5C000068C74 /* iTunesMusic */,
				E20AB5DF1C45A5C100068C74 /* iTunesMusicTests */,
				E20AB5C41C45A5C000068C74 /* Products */,
				48A519F21B54FB3F489B6671 /* Pods */,
				41A48D2ADF824A9FC1E2426F /* Frameworks */,
			);
			sourceTree = "<group>";
		};
		E20AB5C41C45A5C000068C74 /* Products */ = {
			isa = PBXGroup;
			children = (
				E20AB5C31C45A5C000068C74 /* iTunesMusic.app */,
				E20AB5DC1C45A5C100068C74 /* iTunesMusicTests.xctest */,
			);
			name = Products;
			sourceTree = "<group>";
		};
		E20AB5C51C45A5C000068C74 /* iTunesMusic */ = {
			isa = PBXGroup;
			children = (
				E20AB5EC1C45A7DD00068C74 /* Classes */,
				E20AB5EB1C45A78800068C74 /* Resources */,
				E20AB5C91C45A5C000068C74 /* IMAppDelegate.h */,
				E20AB5CA1C45A5C000068C74 /* IMAppDelegate.m */,
				E20AB6261C46A40100068C74 /* IMAppDependencies.h */,
				E20AB6271C46A40100068C74 /* IMAppDependencies.m */,
				E20AB5C61C45A5C000068C74 /* Supporting Files */,
			);
			path = iTunesMusic;
			sourceTree = "<group>";
		};
		E20AB5C61C45A5C000068C74 /* Supporting Files */ = {
			isa = PBXGroup;
			children = (
				E20AB5D71C45A5C000068C74 /* Info.plist */,
				E20AB5C71C45A5C000068C74 /* main.m */,
				E2B5D9D41C47E23400CBD1C9 /* ArtistList.plist */,
			);
			name = "Supporting Files";
			sourceTree = "<group>";
		};
		E20AB5DF1C45A5C100068C74 /* iTunesMusicTests */ = {
			isa = PBXGroup;
			children = (
				E20AB6051C45C52100068C74 /* ITunesClientTests.m */,
				E20AB6171C46854600068C74 /* JSONParserTests.m */,
				E20AB5FF1C45C47800068C74 /* TestUtils */,
				E20AB5FE1C45C46F00068C74 /* Stubs */,
				E20AB5E21C45A5C100068C74 /* Info.plist */,
			);
			path = iTunesMusicTests;
			sourceTree = "<group>";
		};
		E20AB5EB1C45A78800068C74 /* Resources */ = {
			isa = PBXGroup;
			children = (
				E20AB5CF1C45A5C000068C74 /* Main.storyboard */,
				E20AB5D41C45A5C000068C74 /* LaunchScreen.storyboard */,
				E20AB5D21C45A5C000068C74 /* Assets.xcassets */,
			);
			name = Resources;
			sourceTree = "<group>";
		};
		E20AB5EC1C45A7DD00068C74 /* Classes */ = {
			isa = PBXGroup;
			children = (
				E20AB5ED1C45A7FF00068C74 /* Common */,
				E20AB61D1C46A18D00068C74 /* Modules */,
			);
			name = Classes;
			sourceTree = "<group>";
		};
		E20AB5ED1C45A7FF00068C74 /* Common */ = {
			isa = PBXGroup;
			children = (
				E2B5D9D31C47E01500CBD1C9 /* Managers */,
				E20AB5FA1C45BCC700068C74 /* Categories */,
				E20AB60E1C46704100068C74 /* Parser */,
				E20AB6071C466CDE00068C74 /* Model */,
				E20AB5F01C45AEE000068C74 /* iTunes Client */,
				E20AB64C1C47B18600068C74 /* Store */,
				E20AB5EE1C45A80500068C74 /* View */,
			);
			name = Common;
			sourceTree = "<group>";
		};
		E20AB5EE1C45A80500068C74 /* View */ = {
			isa = PBXGroup;
			children = (
				E20AB6351C46A74000068C74 /* IMRootWireframe.h */,
				E20AB6361C46A74000068C74 /* IMRootWireframe.m */,
			);
			name = View;
			sourceTree = "<group>";
		};
		E20AB5F01C45AEE000068C74 /* iTunes Client */ = {
			isa = PBXGroup;
			children = (
				E20AB5F11C45AF5500068C74 /* APIITunesProtocol.h */,
				E20AB5F21C45B0DA00068C74 /* ITunesClient.h */,
				E20AB5F31C45B0DA00068C74 /* ITunesClient.m */,
				E20AB5F51C45B2AA00068C74 /* ITunesClientConstants.h */,
				E20AB5F91C45BC4300068C74 /* ITunesClientErrors.h */,
			);
			name = "iTunes Client";
			sourceTree = "<group>";
		};
		E20AB5FA1C45BCC700068C74 /* Categories */ = {
			isa = PBXGroup;
			children = (
				E20AB6141C4681FA00068C74 /* NSDate+Formatter.h */,
				E20AB6151C4681FA00068C74 /* NSDate+Formatter.m */,
				E20AB5FB1C45BCCE00068C74 /* NSError+CustomError.h */,
				E20AB5FC1C45BCCE00068C74 /* NSError+CustomError.m */,
				E2B5D9CA1C47DB6400CBD1C9 /* NSArray+HOM.h */,
				E2B5D9CB1C47DB6400CBD1C9 /* NSArray+HOM.m */,
			);
			name = Categories;
			sourceTree = "<group>";
		};
		E20AB5FE1C45C46F00068C74 /* Stubs */ = {
			isa = PBXGroup;
			children = (
				E20AB6001C45C4CC00068C74 /* ITunesArtistInfo.json */,
				E20AB6191C468C1200068C74 /* NoResult.json */,
				E20AB61B1C468EDF00068C74 /* ErrorMessage.json */,
			);
			name = Stubs;
			sourceTree = "<group>";
		};
		E20AB5FF1C45C47800068C74 /* TestUtils */ = {
			isa = PBXGroup;
			children = (
				E20AB6021C45C50400068C74 /* StubFileUtil.h */,
				E20AB6031C45C50400068C74 /* StubFileUtil.m */,
			);
			name = TestUtils;
			sourceTree = "<group>";
		};
		E20AB6071C466CDE00068C74 /* Model */ = {
			isa = PBXGroup;
			children = (
				E20AB6081C466D5300068C74 /* Artist.h */,
				E20AB6091C466D5300068C74 /* Artist.m */,
				E20AB60B1C466D6C00068C74 /* Album.h */,
				E20AB60C1C466D6C00068C74 /* Album.m */,
			);
			name = Model;
			sourceTree = "<group>";
		};
		E20AB60E1C46704100068C74 /* Parser */ = {
			isa = PBXGroup;
			children = (
				E20AB60F1C46707A00068C74 /* JSONParser.h */,
				E20AB6101C46707A00068C74 /* JSONParser.m */,
				E20AB6121C4671B600068C74 /* JSONParserErrors.h */,
				E20AB6131C46775800068C74 /* JSONParserIndetifiers.h */,
			);
			name = Parser;
			sourceTree = "<group>";
		};
		E20AB61D1C46A18D00068C74 /* Modules */ = {
			isa = PBXGroup;
			children = (
				E20AB61F1C46A23C00068C74 /* AlbumList */,
				E20AB61E1C46A22D00068C74 /* ArtistList */,
			);
			name = Modules;
			sourceTree = "<group>";
		};
		E20AB61E1C46A22D00068C74 /* ArtistList */ = {
			isa = PBXGroup;
			children = (
				E20AB6201C46A25E00068C74 /* Application Logic */,
				E20AB6211C46A26A00068C74 /* Module interface */,
				E20AB6221C46A27700068C74 /* User interface */,
			);
			name = ArtistList;
			sourceTree = "<group>";
		};
		E20AB61F1C46A23C00068C74 /* AlbumList */ = {
			isa = PBXGroup;
			children = (
				E25CF2641C4865BF000DCC4F /* Application Logic */,
				E25CF2631C4865AA000DCC4F /* Module interface */,
				E25CF2621C4865A1000DCC4F /* User interface */,
			);
			name = AlbumList;
			sourceTree = "<group>";
		};
		E20AB6201C46A25E00068C74 /* Application Logic */ = {
			isa = PBXGroup;
			children = (
				E20AB6431C47ADC400068C74 /* Interactor */,
				E20AB6441C47ADCA00068C74 /* Manager */,
			);
			name = "Application Logic";
			sourceTree = "<group>";
		};
		E20AB6211C46A26A00068C74 /* Module interface */ = {
			isa = PBXGroup;
			children = (
				E20AB6381C46B2E500068C74 /* IMArtistListModuleInterface.h */,
			);
			name = "Module interface";
			sourceTree = "<group>";
		};
		E20AB6221C46A27700068C74 /* User interface */ = {
			isa = PBXGroup;
			children = (
				E20AB6291C46A57900068C74 /* Presenter */,
				E20AB62A1C46A58000068C74 /* View */,
				E20AB62B1C46A58E00068C74 /* Wireframe */,
			);
			name = "User interface";
			sourceTree = "<group>";
		};
		E20AB6291C46A57900068C74 /* Presenter */ = {
			isa = PBXGroup;
			children = (
				E20AB62C1C46A5FE00068C74 /* IMArtistListPresenter.h */,
				E20AB62D1C46A5FE00068C74 /* IMArtistListPresenter.m */,
				E20AB6401C46BF2400068C74 /* IMArtistListDisplayArtist.h */,
				E20AB6411C46BF2400068C74 /* IMArtistListDisplayArtist.m */,
			);
			name = Presenter;
			sourceTree = "<group>";
		};
		E20AB62A1C46A58000068C74 /* View */ = {
			isa = PBXGroup;
			children = (
				E20AB6391C46B87800068C74 /* IMArtistListViewInterface.h */,
				E20AB62F1C46A65700068C74 /* IMArtistListViewController.h */,
				E20AB6301C46A65700068C74 /* IMArtistListViewController.m */,
				E28378B41C48441E007E5C8B /* IMArtistViewCell.h */,
				E28378B51C48441E007E5C8B /* IMArtistViewCell.m */,
			);
			name = View;
			sourceTree = "<group>";
		};
		E20AB62B1C46A58E00068C74 /* Wireframe */ = {
			isa = PBXGroup;
			children = (
				E20AB6321C46A66E00068C74 /* IMArtistListWireframe.h */,
				E20AB6331C46A66E00068C74 /* IMArtistListWireframe.m */,
			);
			name = Wireframe;
			sourceTree = "<group>";
		};
		E20AB6431C47ADC400068C74 /* Interactor */ = {
			isa = PBXGroup;
			children = (
				E20AB6451C47ADF600068C74 /* IMArtistListInteractorIO.h */,
				E20AB6461C47AE4900068C74 /* IMArtistListInteractor.h */,
				E20AB6471C47AE4900068C74 /* IMArtistListInteractor.m */,
				E2B5D9C71C47D91F00CBD1C9 /* IMArtistListArtist.h */,
				E2B5D9C81C47D91F00CBD1C9 /* IMArtistListArtist.m */,
			);
			name = Interactor;
			sourceTree = "<group>";
		};
		E20AB6441C47ADCA00068C74 /* Manager */ = {
			isa = PBXGroup;
			children = (
				E20AB6491C47AEE700068C74 /* IMArtistListDataManager.h */,
				E20AB64A1C47AEE700068C74 /* IMArtistListDataManager.m */,
			);
			name = Manager;
			sourceTree = "<group>";
		};
		E20AB64C1C47B18600068C74 /* Store */ = {
			isa = PBXGroup;
			children = (
				E20AB6531C47B46400068C74 /* Entities */,
				E2B5D9AC1C47BA2000CBD1C9 /* iTunesMusic.xcdatamodeld */,
				E20AB64D1C47B1A400068C74 /* IMCoreDataStore.h */,
				E20AB64E1C47B1A400068C74 /* IMCoreDataStore.m */,
				E2B5D9DA1C4818D000CBD1C9 /* IMCoreDataStoreErrors.h */,
			);
			name = Store;
			sourceTree = "<group>";
		};
		E20AB6531C47B46400068C74 /* Entities */ = {
			isa = PBXGroup;
			children = (
				E2B5D9BC1C47D0F900CBD1C9 /* _ManagedArtist.h */,
				E2B5D9BD1C47D0F900CBD1C9 /* _ManagedArtist.m */,
				E2B5D9C11C47D0F900CBD1C9 /* ManagedArtist.h */,
				E2B5D9BB1C47D0F900CBD1C9 /* ManagedArtist.m */,
				E2B5D9C01C47D0F900CBD1C9 /* _ManagedAlbum.h */,
				E2B5D9C51C47D10C00CBD1C9 /* _ManagedAlbum.m */,
				E2B5D9BF1C47D0F900CBD1C9 /* ManagedAlbum.h */,
				E2B5D9BE1C47D0F900CBD1C9 /* ManagedAlbum.m */,
			);
			name = Entities;
			sourceTree = "<group>";
		};
		E25CF2621C4865A1000DCC4F /* User interface */ = {
			isa = PBXGroup;
			children = (
				E25CF2691C4865F3000DCC4F /* Presenter */,
				E25CF2681C4865EA000DCC4F /* View */,
				E25CF2671C4865E4000DCC4F /* Wireframe */,
			);
			name = "User interface";
			sourceTree = "<group>";
		};
		E25CF2631C4865AA000DCC4F /* Module interface */ = {
			isa = PBXGroup;
			children = (
				E25CF2711C4867BE000DCC4F /* IMAlbumListModuleInterface.h */,
			);
			name = "Module interface";
			sourceTree = "<group>";
		};
		E25CF2641C4865BF000DCC4F /* Application Logic */ = {
			isa = PBXGroup;
			children = (
				E25CF2661C4865D7000DCC4F /* Interactor */,
				E25CF2651C4865CF000DCC4F /* Manager */,
			);
			name = "Application Logic";
			sourceTree = "<group>";
		};
		E25CF2651C4865CF000DCC4F /* Manager */ = {
			isa = PBXGroup;
			children = (
				E25CF2791C488269000DCC4F /* IMAlbumListDataManager.h */,
				E25CF27A1C488269000DCC4F /* IMAlbumListDataManager.m */,
			);
			name = Manager;
			sourceTree = "<group>";
		};
		E25CF2661C4865D7000DCC4F /* Interactor */ = {
			isa = PBXGroup;
			children = (
				E25CF2751C488152000DCC4F /* IMAlbumListInteractorIO.h */,
				E25CF2761C4881BE000DCC4F /* IMAlbumListInteractor.h */,
				E25CF2771C4881BE000DCC4F /* IMAlbumListInteractor.m */,
				E25CF27C1C48890F000DCC4F /* IMAlbumListAlbum.h */,
				E25CF27D1C48890F000DCC4F /* IMAlbumListAlbum.m */,
			);
			name = Interactor;
			sourceTree = "<group>";
		};
		E25CF2671C4865E4000DCC4F /* Wireframe */ = {
			isa = PBXGroup;
			children = (
				E25CF26A1C486625000DCC4F /* IMAlbumListWireframe.h */,
				E25CF26B1C486625000DCC4F /* IMAlbumListWireframe.m */,
			);
			name = Wireframe;
			sourceTree = "<group>";
		};
		E25CF2681C4865EA000DCC4F /* View */ = {
			isa = PBXGroup;
			children = (
				E25CF26D1C48670E000DCC4F /* IMAlbumListViewInterface.h */,
				E25CF26E1C48674E000DCC4F /* IMAlbumListViewController.h */,
				E25CF26F1C48674E000DCC4F /* IMAlbumListViewController.m */,
			);
			name = View;
			sourceTree = "<group>";
		};
		E25CF2691C4865F3000DCC4F /* Presenter */ = {
			isa = PBXGroup;
			children = (
				E25CF2721C486864000DCC4F /* IMAlbumListPresenter.h */,
				E25CF2731C486864000DCC4F /* IMAlbumListPresenter.m */,
			);
			name = Presenter;
			sourceTree = "<group>";
		};
		E2B5D9D31C47E01500CBD1C9 /* Managers */ = {
			isa = PBXGroup;
			children = (
				E2B5D9CD1C47DF5A00CBD1C9 /* IMConfigurationManager.h */,
				E2B5D9CE1C47DF5A00CBD1C9 /* IMConfigurationManager.m */,
				E2B5D9D71C47FDFD00CBD1C9 /* IMCacheManager.h */,
				E2B5D9D81C47FDFD00CBD1C9 /* IMCacheManager.m */,
			);
			name = Managers;
			sourceTree = "<group>";
		};
/* End PBXGroup section */

/* Begin PBXNativeTarget section */
		E20AB5C21C45A5C000068C74 /* iTunesMusic */ = {
			isa = PBXNativeTarget;
			buildConfigurationList = E20AB5E51C45A5C100068C74 /* Build configuration list for PBXNativeTarget "iTunesMusic" */;
			buildPhases = (
				C90993D7DB5AE6AD98EA04BE /* Check Pods Manifest.lock */,
				E20AB5BF1C45A5C000068C74 /* Sources */,
				E20AB5C01C45A5C000068C74 /* Frameworks */,
				E20AB5C11C45A5C000068C74 /* Resources */,
				6CF65F785DC590219EB2CE8F /* Embed Pods Frameworks */,
				F99F87113E193490A0F9D2AB /* Copy Pods Resources */,
			);
			buildRules = (
			);
			dependencies = (
			);
			name = iTunesMusic;
			productName = iTunesMusic;
			productReference = E20AB5C31C45A5C000068C74 /* iTunesMusic.app */;
			productType = "com.apple.product-type.application";
		};
		E20AB5DB1C45A5C100068C74 /* iTunesMusicTests */ = {
			isa = PBXNativeTarget;
			buildConfigurationList = E20AB5E81C45A5C100068C74 /* Build configuration list for PBXNativeTarget "iTunesMusicTests" */;
			buildPhases = (
				444695DAFCEA1AD320199F1F /* Check Pods Manifest.lock */,
				E20AB5D81C45A5C100068C74 /* Sources */,
				E20AB5D91C45A5C100068C74 /* Frameworks */,
				E20AB5DA1C45A5C100068C74 /* Resources */,
				F4E31DE569749FD255EE67AD /* Embed Pods Frameworks */,
				E58450187B9A496FFA05A53E /* Copy Pods Resources */,
			);
			buildRules = (
			);
			dependencies = (
				E20AB5DE1C45A5C100068C74 /* PBXTargetDependency */,
			);
			name = iTunesMusicTests;
			productName = iTunesMusicTests;
			productReference = E20AB5DC1C45A5C100068C74 /* iTunesMusicTests.xctest */;
			productType = "com.apple.product-type.bundle.unit-test";
		};
/* End PBXNativeTarget section */

/* Begin PBXProject section */
		E20AB5BB1C45A5C000068C74 /* Project object */ = {
			isa = PBXProject;
			attributes = {
				CLASSPREFIX = IM;
				LastUpgradeCheck = 0720;
				ORGANIZATIONNAME = Toni;
				TargetAttributes = {
					E20AB5C21C45A5C000068C74 = {
						CreatedOnToolsVersion = 7.2;
					};
					E20AB5DB1C45A5C100068C74 = {
						CreatedOnToolsVersion = 7.2;
						TestTargetID = E20AB5C21C45A5C000068C74;
					};
					E20AB6541C47B62800068C74 = {
						CreatedOnToolsVersion = 7.2;
					};
				};
			};
			buildConfigurationList = E20AB5BE1C45A5C000068C74 /* Build configuration list for PBXProject "iTunesMusic" */;
			compatibilityVersion = "Xcode 3.2";
			developmentRegion = English;
			hasScannedForEncodings = 0;
			knownRegions = (
				en,
				Base,
			);
			mainGroup = E20AB5BA1C45A5C000068C74;
			productRefGroup = E20AB5C41C45A5C000068C74 /* Products */;
			projectDirPath = "";
			projectRoot = "";
			targets = (
				E20AB5C21C45A5C000068C74 /* iTunesMusic */,
				E20AB5DB1C45A5C100068C74 /* iTunesMusicTests */,
				E20AB6541C47B62800068C74 /* mogenerator */,
			);
		};
/* End PBXProject section */

/* Begin PBXResourcesBuildPhase section */
		E20AB5C11C45A5C000068C74 /* Resources */ = {
			isa = PBXResourcesBuildPhase;
			buildActionMask = 2147483647;
			files = (
				E20AB5D61C45A5C000068C74 /* LaunchScreen.storyboard in Resources */,
				E2B5D9D51C47E23400CBD1C9 /* ArtistList.plist in Resources */,
				E20AB5D31C45A5C000068C74 /* Assets.xcassets in Resources */,
				E20AB5D11C45A5C000068C74 /* Main.storyboard in Resources */,
			);
			runOnlyForDeploymentPostprocessing = 0;
		};
		E20AB5DA1C45A5C100068C74 /* Resources */ = {
			isa = PBXResourcesBuildPhase;
			buildActionMask = 2147483647;
			files = (
				E20AB61C1C468EDF00068C74 /* ErrorMessage.json in Resources */,
				E20AB61A1C468C1200068C74 /* NoResult.json in Resources */,
				E20AB6011C45C4CC00068C74 /* ITunesArtistInfo.json in Resources */,
			);
			runOnlyForDeploymentPostprocessing = 0;
		};
/* End PBXResourcesBuildPhase section */

/* Begin PBXShellScriptBuildPhase section */
		444695DAFCEA1AD320199F1F /* Check Pods Manifest.lock */ = {
			isa = PBXShellScriptBuildPhase;
			buildActionMask = 2147483647;
			files = (
			);
			inputPaths = (
			);
			name = "Check Pods Manifest.lock";
			outputPaths = (
			);
			runOnlyForDeploymentPostprocessing = 0;
			shellPath = /bin/sh;
			shellScript = "diff \"${PODS_ROOT}/../Podfile.lock\" \"${PODS_ROOT}/Manifest.lock\" > /dev/null\nif [[ $? != 0 ]] ; then\n    cat << EOM\nerror: The sandbox is not in sync with the Podfile.lock. Run 'pod install' or update your CocoaPods installation.\nEOM\n    exit 1\nfi\n";
			showEnvVarsInLog = 0;
		};
		6CF65F785DC590219EB2CE8F /* Embed Pods Frameworks */ = {
			isa = PBXShellScriptBuildPhase;
			buildActionMask = 2147483647;
			files = (
			);
			inputPaths = (
			);
			name = "Embed Pods Frameworks";
			outputPaths = (
			);
			runOnlyForDeploymentPostprocessing = 0;
			shellPath = /bin/sh;
			shellScript = "\"${SRCROOT}/Pods/Target Support Files/Pods-iTunesMusic/Pods-iTunesMusic-frameworks.sh\"\n";
			showEnvVarsInLog = 0;
		};
		C90993D7DB5AE6AD98EA04BE /* Check Pods Manifest.lock */ = {
			isa = PBXShellScriptBuildPhase;
			buildActionMask = 2147483647;
			files = (
			);
			inputPaths = (
			);
			name = "Check Pods Manifest.lock";
			outputPaths = (
			);
			runOnlyForDeploymentPostprocessing = 0;
			shellPath = /bin/sh;
			shellScript = "diff \"${PODS_ROOT}/../Podfile.lock\" \"${PODS_ROOT}/Manifest.lock\" > /dev/null\nif [[ $? != 0 ]] ; then\n    cat << EOM\nerror: The sandbox is not in sync with the Podfile.lock. Run 'pod install' or update your CocoaPods installation.\nEOM\n    exit 1\nfi\n";
			showEnvVarsInLog = 0;
		};
		E20AB6581C47B64100068C74 /* ShellScript */ = {
			isa = PBXShellScriptBuildPhase;
			buildActionMask = 2147483647;
			files = (
			);
			inputPaths = (
			);
			outputPaths = (
			);
			runOnlyForDeploymentPostprocessing = 0;
			shellPath = /bin/sh;
			shellScript = "echo \"💾 Mogenerator started\"\nmogenerator --template-var arc=true -m iTunesMusic/iTunesMusic.xcdatamodeld/ -O iTunesMusic\necho \"💾 Mogenerator finished\"";
		};
		E58450187B9A496FFA05A53E /* Copy Pods Resources */ = {
			isa = PBXShellScriptBuildPhase;
			buildActionMask = 2147483647;
			files = (
			);
			inputPaths = (
			);
			name = "Copy Pods Resources";
			outputPaths = (
			);
			runOnlyForDeploymentPostprocessing = 0;
			shellPath = /bin/sh;
			shellScript = "\"${SRCROOT}/Pods/Target Support Files/Pods-iTunesMusicTests/Pods-iTunesMusicTests-resources.sh\"\n";
			showEnvVarsInLog = 0;
		};
		F4E31DE569749FD255EE67AD /* Embed Pods Frameworks */ = {
			isa = PBXShellScriptBuildPhase;
			buildActionMask = 2147483647;
			files = (
			);
			inputPaths = (
			);
			name = "Embed Pods Frameworks";
			outputPaths = (
			);
			runOnlyForDeploymentPostprocessing = 0;
			shellPath = /bin/sh;
			shellScript = "\"${SRCROOT}/Pods/Target Support Files/Pods-iTunesMusicTests/Pods-iTunesMusicTests-frameworks.sh\"\n";
			showEnvVarsInLog = 0;
		};
		F99F87113E193490A0F9D2AB /* Copy Pods Resources */ = {
			isa = PBXShellScriptBuildPhase;
			buildActionMask = 2147483647;
			files = (
			);
			inputPaths = (
			);
			name = "Copy Pods Resources";
			outputPaths = (
			);
			runOnlyForDeploymentPostprocessing = 0;
			shellPath = /bin/sh;
			shellScript = "\"${SRCROOT}/Pods/Target Support Files/Pods-iTunesMusic/Pods-iTunesMusic-resources.sh\"\n";
			showEnvVarsInLog = 0;
		};
/* End PBXShellScriptBuildPhase section */

/* Begin PBXSourcesBuildPhase section */
		E20AB5BF1C45A5C000068C74 /* Sources */ = {
			isa = PBXSourcesBuildPhase;
			buildActionMask = 2147483647;
			files = (
				E25CF2781C4881BE000DCC4F /* IMAlbumListInteractor.m in Sources */,
				E2B5D9D91C47FDFD00CBD1C9 /* IMCacheManager.m in Sources */,
				E20AB62E1C46A5FE00068C74 /* IMArtistListPresenter.m in Sources */,
				E20AB5F41C45B0DA00068C74 /* ITunesClient.m in Sources */,
				E20AB5CB1C45A5C000068C74 /* IMAppDelegate.m in Sources */,
				E2B5D9C41C47D0F900CBD1C9 /* ManagedAlbum.m in Sources */,
				E20AB6111C46707A00068C74 /* JSONParser.m in Sources */,
				E2B5D9C61C47D10C00CBD1C9 /* _ManagedAlbum.m in Sources */,
				E25CF2701C48674E000DCC4F /* IMAlbumListViewController.m in Sources */,
				E20AB5C81C45A5C000068C74 /* main.m in Sources */,
				E20AB60A1C466D5300068C74 /* Artist.m in Sources */,
				E25CF27B1C488269000DCC4F /* IMAlbumListDataManager.m in Sources */,
				E20AB6311C46A65700068C74 /* IMArtistListViewController.m in Sources */,
				E20AB6481C47AE4900068C74 /* IMArtistListInteractor.m in Sources */,
				E2B5D9CF1C47DF5A00CBD1C9 /* IMConfigurationManager.m in Sources */,
				E20AB6341C46A66E00068C74 /* IMArtistListWireframe.m in Sources */,
				E2B5D9C31C47D0F900CBD1C9 /* _ManagedArtist.m in Sources */,
				E25CF26C1C486625000DCC4F /* IMAlbumListWireframe.m in Sources */,
				E20AB60D1C466D6C00068C74 /* Album.m in Sources */,
				E20AB6371C46A74000068C74 /* IMRootWireframe.m in Sources */,
				E25CF27E1C48890F000DCC4F /* IMAlbumListAlbum.m in Sources */,
				E25CF2741C486864000DCC4F /* IMAlbumListPresenter.m in Sources */,
				E20AB6281C46A40100068C74 /* IMAppDependencies.m in Sources */,
				E20AB6421C46BF2400068C74 /* IMArtistListDisplayArtist.m in Sources */,
				E28378B61C48441E007E5C8B /* IMArtistViewCell.m in Sources */,
				E20AB64B1C47AEE700068C74 /* IMArtistListDataManager.m in Sources */,
				E2B5D9C21C47D0F900CBD1C9 /* ManagedArtist.m in Sources */,
				E20AB64F1C47B1A400068C74 /* IMCoreDataStore.m in Sources */,
				E2B5D9AE1C47BA2000CBD1C9 /* iTunesMusic.xcdatamodeld in Sources */,
				E20AB5FD1C45BCCE00068C74 /* NSError+CustomError.m in Sources */,
				E20AB6161C4681FA00068C74 /* NSDate+Formatter.m in Sources */,
				E2B5D9CC1C47DB6400CBD1C9 /* NSArray+HOM.m in Sources */,
				E2B5D9C91C47D91F00CBD1C9 /* IMArtistListArtist.m in Sources */,
			);
			runOnlyForDeploymentPostprocessing = 0;
		};
		E20AB5D81C45A5C100068C74 /* Sources */ = {
			isa = PBXSourcesBuildPhase;
			buildActionMask = 2147483647;
			files = (
				E20AB6061C45C52100068C74 /* ITunesClientTests.m in Sources */,
				E20AB6181C46854600068C74 /* JSONParserTests.m in Sources */,
				E20AB6041C45C50400068C74 /* StubFileUtil.m in Sources */,
			);
			runOnlyForDeploymentPostprocessing = 0;
		};
/* End PBXSourcesBuildPhase section */

/* Begin PBXTargetDependency section */
		E20AB5DE1C45A5C100068C74 /* PBXTargetDependency */ = {
			isa = PBXTargetDependency;
			target = E20AB5C21C45A5C000068C74 /* iTunesMusic */;
			targetProxy = E20AB5DD1C45A5C100068C74 /* PBXContainerItemProxy */;
		};
/* End PBXTargetDependency section */

/* Begin PBXVariantGroup section */
		E20AB5CF1C45A5C000068C74 /* Main.storyboard */ = {
			isa = PBXVariantGroup;
			children = (
				E20AB5D01C45A5C000068C74 /* Base */,
			);
			name = Main.storyboard;
			sourceTree = "<group>";
		};
		E20AB5D41C45A5C000068C74 /* LaunchScreen.storyboard */ = {
			isa = PBXVariantGroup;
			children = (
				E20AB5D51C45A5C000068C74 /* Base */,
			);
			name = LaunchScreen.storyboard;
			sourceTree = "<group>";
		};
/* End PBXVariantGroup section */

/* Begin XCBuildConfiguration section */
		E20AB5E31C45A5C100068C74 /* Debug */ = {
			isa = XCBuildConfiguration;
			buildSettings = {
				ALWAYS_SEARCH_USER_PATHS = NO;
				CLANG_CXX_LANGUAGE_STANDARD = "gnu++0x";
				CLANG_CXX_LIBRARY = "libc++";
				CLANG_ENABLE_MODULES = YES;
				CLANG_ENABLE_OBJC_ARC = YES;
				CLANG_WARN_BOOL_CONVERSION = YES;
				CLANG_WARN_CONSTANT_CONVERSION = YES;
				CLANG_WARN_DIRECT_OBJC_ISA_USAGE = YES_ERROR;
				CLANG_WARN_EMPTY_BODY = YES;
				CLANG_WARN_ENUM_CONVERSION = YES;
				CLANG_WARN_INT_CONVERSION = YES;
				CLANG_WARN_OBJC_ROOT_CLASS = YES_ERROR;
				CLANG_WARN_UNREACHABLE_CODE = YES;
				CLANG_WARN__DUPLICATE_METHOD_MATCH = YES;
				"CODE_SIGN_IDENTITY[sdk=iphoneos*]" = "iPhone Developer";
				COPY_PHASE_STRIP = NO;
				DEBUG_INFORMATION_FORMAT = dwarf;
				ENABLE_STRICT_OBJC_MSGSEND = YES;
				ENABLE_TESTABILITY = YES;
				GCC_C_LANGUAGE_STANDARD = gnu99;
				GCC_DYNAMIC_NO_PIC = NO;
				GCC_NO_COMMON_BLOCKS = YES;
				GCC_OPTIMIZATION_LEVEL = 0;
				GCC_PREPROCESSOR_DEFINITIONS = (
					"DEBUG=1",
					"$(inherited)",
				);
				GCC_WARN_64_TO_32_BIT_CONVERSION = YES;
				GCC_WARN_ABOUT_RETURN_TYPE = YES_ERROR;
				GCC_WARN_UNDECLARED_SELECTOR = YES;
				GCC_WARN_UNINITIALIZED_AUTOS = YES_AGGRESSIVE;
				GCC_WARN_UNUSED_FUNCTION = YES;
				GCC_WARN_UNUSED_VARIABLE = YES;
				IPHONEOS_DEPLOYMENT_TARGET = 9.2;
				MTL_ENABLE_DEBUG_INFO = YES;
				ONLY_ACTIVE_ARCH = YES;
				SDKROOT = iphoneos;
				TARGETED_DEVICE_FAMILY = "1,2";
			};
			name = Debug;
		};
		E20AB5E41C45A5C100068C74 /* Release */ = {
			isa = XCBuildConfiguration;
			buildSettings = {
				ALWAYS_SEARCH_USER_PATHS = NO;
				CLANG_CXX_LANGUAGE_STANDARD = "gnu++0x";
				CLANG_CXX_LIBRARY = "libc++";
				CLANG_ENABLE_MODULES = YES;
				CLANG_ENABLE_OBJC_ARC = YES;
				CLANG_WARN_BOOL_CONVERSION = YES;
				CLANG_WARN_CONSTANT_CONVERSION = YES;
				CLANG_WARN_DIRECT_OBJC_ISA_USAGE = YES_ERROR;
				CLANG_WARN_EMPTY_BODY = YES;
				CLANG_WARN_ENUM_CONVERSION = YES;
				CLANG_WARN_INT_CONVERSION = YES;
				CLANG_WARN_OBJC_ROOT_CLASS = YES_ERROR;
				CLANG_WARN_UNREACHABLE_CODE = YES;
				CLANG_WARN__DUPLICATE_METHOD_MATCH = YES;
				"CODE_SIGN_IDENTITY[sdk=iphoneos*]" = "iPhone Developer";
				COPY_PHASE_STRIP = NO;
				DEBUG_INFORMATION_FORMAT = "dwarf-with-dsym";
				ENABLE_NS_ASSERTIONS = NO;
				ENABLE_STRICT_OBJC_MSGSEND = YES;
				GCC_C_LANGUAGE_STANDARD = gnu99;
				GCC_NO_COMMON_BLOCKS = YES;
				GCC_WARN_64_TO_32_BIT_CONVERSION = YES;
				GCC_WARN_ABOUT_RETURN_TYPE = YES_ERROR;
				GCC_WARN_UNDECLARED_SELECTOR = YES;
				GCC_WARN_UNINITIALIZED_AUTOS = YES_AGGRESSIVE;
				GCC_WARN_UNUSED_FUNCTION = YES;
				GCC_WARN_UNUSED_VARIABLE = YES;
				IPHONEOS_DEPLOYMENT_TARGET = 9.2;
				MTL_ENABLE_DEBUG_INFO = NO;
				SDKROOT = iphoneos;
				TARGETED_DEVICE_FAMILY = "1,2";
				VALIDATE_PRODUCT = YES;
			};
			name = Release;
		};
		E20AB5E61C45A5C100068C74 /* Debug */ = {
			isa = XCBuildConfiguration;
			baseConfigurationReference = D67A4A1C9260F7FB2BF1236A /* Pods-iTunesMusic.debug.xcconfig */;
			buildSettings = {
				ASSETCATALOG_COMPILER_APPICON_NAME = AppIcon;
				INFOPLIST_FILE = iTunesMusic/Info.plist;
				IPHONEOS_DEPLOYMENT_TARGET = 8.0;
				LD_RUNPATH_SEARCH_PATHS = "$(inherited) @executable_path/Frameworks";
				PRODUCT_BUNDLE_IDENTIFIER = com.unagistudio.iTunesMusic;
				PRODUCT_NAME = "$(TARGET_NAME)";
			};
			name = Debug;
		};
		E20AB5E71C45A5C100068C74 /* Release */ = {
			isa = XCBuildConfiguration;
			baseConfigurationReference = 037107E6D7C9F95FCDE1D2DD /* Pods-iTunesMusic.release.xcconfig */;
			buildSettings = {
				ASSETCATALOG_COMPILER_APPICON_NAME = AppIcon;
				INFOPLIST_FILE = iTunesMusic/Info.plist;
				IPHONEOS_DEPLOYMENT_TARGET = 8.0;
				LD_RUNPATH_SEARCH_PATHS = "$(inherited) @executable_path/Frameworks";
				PRODUCT_BUNDLE_IDENTIFIER = com.unagistudio.iTunesMusic;
				PRODUCT_NAME = "$(TARGET_NAME)";
			};
			name = Release;
		};
		E20AB5E91C45A5C100068C74 /* Debug */ = {
			isa = XCBuildConfiguration;
			baseConfigurationReference = E8C9467455DEB2F1C249FDFF /* Pods-iTunesMusicTests.debug.xcconfig */;
			buildSettings = {
				BUNDLE_LOADER = "$(TEST_HOST)";
				INFOPLIST_FILE = iTunesMusicTests/Info.plist;
				LD_RUNPATH_SEARCH_PATHS = "$(inherited) @executable_path/Frameworks @loader_path/Frameworks";
				PRODUCT_BUNDLE_IDENTIFIER = com.unagistudio.iTunesMusicTests;
				PRODUCT_NAME = "$(TARGET_NAME)";
				TEST_HOST = "$(BUILT_PRODUCTS_DIR)/iTunesMusic.app/iTunesMusic";
			};
			name = Debug;
		};
		E20AB5EA1C45A5C100068C74 /* Release */ = {
			isa = XCBuildConfiguration;
			baseConfigurationReference = EDDB6B3279C086096AF8978A /* Pods-iTunesMusicTests.release.xcconfig */;
			buildSettings = {
				BUNDLE_LOADER = "$(TEST_HOST)";
				INFOPLIST_FILE = iTunesMusicTests/Info.plist;
				LD_RUNPATH_SEARCH_PATHS = "$(inherited) @executable_path/Frameworks @loader_path/Frameworks";
				PRODUCT_BUNDLE_IDENTIFIER = com.unagistudio.iTunesMusicTests;
				PRODUCT_NAME = "$(TARGET_NAME)";
				TEST_HOST = "$(BUILT_PRODUCTS_DIR)/iTunesMusic.app/iTunesMusic";
			};
			name = Release;
		};
		E20AB6561C47B62800068C74 /* Debug */ = {
			isa = XCBuildConfiguration;
			buildSettings = {
				PRODUCT_NAME = "$(TARGET_NAME)";
			};
			name = Debug;
		};
		E20AB6571C47B62800068C74 /* Release */ = {
			isa = XCBuildConfiguration;
			buildSettings = {
				PRODUCT_NAME = "$(TARGET_NAME)";
			};
			name = Release;
		};
/* End XCBuildConfiguration section */

/* Begin XCConfigurationList section */
		E20AB5BE1C45A5C000068C74 /* Build configuration list for PBXProject "iTunesMusic" */ = {
			isa = XCConfigurationList;
			buildConfigurations = (
				E20AB5E31C45A5C100068C74 /* Debug */,
				E20AB5E41C45A5C100068C74 /* Release */,
			);
			defaultConfigurationIsVisible = 0;
			defaultConfigurationName = Release;
		};
		E20AB5E51C45A5C100068C74 /* Build configuration list for PBXNativeTarget "iTunesMusic" */ = {
			isa = XCConfigurationList;
			buildConfigurations = (
				E20AB5E61C45A5C100068C74 /* Debug */,
				E20AB5E71C45A5C100068C74 /* Release */,
			);
			defaultConfigurationIsVisible = 0;
			defaultConfigurationName = Release;
		};
		E20AB5E81C45A5C100068C74 /* Build configuration list for PBXNativeTarget "iTunesMusicTests" */ = {
			isa = XCConfigurationList;
			buildConfigurations = (
				E20AB5E91C45A5C100068C74 /* Debug */,
				E20AB5EA1C45A5C100068C74 /* Release */,
			);
			defaultConfigurationIsVisible = 0;
			defaultConfigurationName = Release;
		};
		E20AB6551C47B62800068C74 /* Build configuration list for PBXAggregateTarget "mogenerator" */ = {
			isa = XCConfigurationList;
			buildConfigurations = (
				E20AB6561C47B62800068C74 /* Debug */,
				E20AB6571C47B62800068C74 /* Release */,
			);
			defaultConfigurationIsVisible = 0;
			defaultConfigurationName = Release;
		};
/* End XCConfigurationList section */

/* Begin XCVersionGroup section */
		E2B5D9AC1C47BA2000CBD1C9 /* iTunesMusic.xcdatamodeld */ = {
			isa = XCVersionGroup;
			children = (
				E2B5D9AD1C47BA2000CBD1C9 /* iTunesMusic.xcdatamodel */,
			);
			currentVersion = E2B5D9AD1C47BA2000CBD1C9 /* iTunesMusic.xcdatamodel */;
			path = iTunesMusic.xcdatamodeld;
			sourceTree = "<group>";
			versionGroupType = wrapper.xcdatamodel;
		};
/* End XCVersionGroup section */
	};
	rootObject = E20AB5BB1C45A5C000068C74 /* Project object */;
}
